// !$*UTF8*$!
{
	archiveVersion = 1;
	classes = {
	};
	objectVersion = 46;
	objects = {

/* Begin PBXBuildFile section */
		5E6F20E21AC242D00051CF4B /* AppDelegate.swift in Sources */ = {isa = PBXBuildFile; fileRef = 5E6F20E11AC242D00051CF4B /* AppDelegate.swift */; };
		5E6F20E41AC242D00051CF4B /* ViewController.swift in Sources */ = {isa = PBXBuildFile; fileRef = 5E6F20E31AC242D00051CF4B /* ViewController.swift */; };
		5E6F20E71AC242D00051CF4B /* Main.storyboard in Resources */ = {isa = PBXBuildFile; fileRef = 5E6F20E51AC242D00051CF4B /* Main.storyboard */; };
		5E6F20E91AC242D00051CF4B /* Images.xcassets in Resources */ = {isa = PBXBuildFile; fileRef = 5E6F20E81AC242D00051CF4B /* Images.xcassets */; };
		5E6F20EC1AC242D00051CF4B /* LaunchScreen.xib in Resources */ = {isa = PBXBuildFile; fileRef = 5E6F20EA1AC242D00051CF4B /* LaunchScreen.xib */; };
		5E6F20F81AC242D00051CF4B /* RotatingViewsTests.swift in Sources */ = {isa = PBXBuildFile; fileRef = 5E6F20F71AC242D00051CF4B /* RotatingViewsTests.swift */; };
/* End PBXBuildFile section */

/* Begin PBXContainerItemProxy section */
		5E6F20F21AC242D00051CF4B /* PBXContainerItemProxy */ = {
			isa = PBXContainerItemProxy;
			containerPortal = 5E6F20D41AC242D00051CF4B /* Project object */;
			proxyType = 1;
			remoteGlobalIDString = 5E6F20DB1AC242D00051CF4B;
			remoteInfo = RotatingViews;
		};
/* End PBXContainerItemProxy section */

/* Begin PBXFileReference section */
		5E6F20DC1AC242D00051CF4B /* RotatingViews.app */ = {isa = PBXFileReference; explicitFileType = wrapper.application; includeInIndex = 0; path = RotatingViews.app; sourceTree = BUILT_PRODUCTS_DIR; };
		5E6F20E01AC242D00051CF4B /* Info.plist */ = {isa = PBXFileReference; lastKnownFileType = text.plist.xml; path = Info.plist; sourceTree = "<group>"; };
		5E6F20E11AC242D00051CF4B /* AppDelegate.swift */ = {isa = PBXFileReference; lastKnownFileType = sourcecode.swift; path = AppDelegate.swift; sourceTree = "<group>"; };
		5E6F20E31AC242D00051CF4B /* ViewController.swift */ = {isa = PBXFileReference; lastKnownFileType = sourcecode.swift; path = ViewController.swift; sourceTree = "<group>"; };
		5E6F20E61AC242D00051CF4B /* Base */ = {isa = PBXFileReference; lastKnownFileType = file.storyboard; name = Base; path = Base.lproj/Main.storyboard; sourceTree = "<group>"; };
		5E6F20E81AC242D00051CF4B /* Images.xcassets */ = {isa = PBXFileReference; lastKnownFileType = folder.assetcatalog; path = Images.xcassets; sourceTree = "<group>"; };
		5E6F20EB1AC242D00051CF4B /* Base */ = {isa = PBXFileReference; lastKnownFileType = file.xib; name = Base; path = Base.lproj/LaunchScreen.xib; sourceTree = "<group>"; };
		5E6F20F11AC242D00051CF4B /* RotatingViewsTests.xctest */ = {isa = PBXFileReference; explicitFileType = wrapper.cfbundle; includeInIndex = 0; path = RotatingViewsTests.xctest; sourceTree = BUILT_PRODUCTS_DIR; };
		5E6F20F61AC242D00051CF4B /* Info.plist */ = {isa = PBXFileReference; lastKnownFileType = text.plist.xml; path = Info.plist; sourceTree = "<group>"; };
		5E6F20F71AC242D00051CF4B /* RotatingViewsTests.swift */ = {isa = PBXFileReference; lastKnownFileType = sourcecode.swift; path = RotatingViewsTests.swift; sourceTree = "<group>"; };
/* End PBXFileReference section */

/* Begin PBXFrameworksBuildPhase section */
		5E6F20D91AC242D00051CF4B /* Frameworks */ = {
			isa = PBXFrameworksBuildPhase;
			buildActionMask = 2147483647;
			files = (
			);
			runOnlyForDeploymentPostprocessing = 0;
		};
		5E6F20EE1AC242D00051CF4B /* Frameworks */ = {
			isa = PBXFrameworksBuildPhase;
			buildActionMask = 2147483647;
			files = (
			);
			runOnlyForDeploymentPostprocessing = 0;
		};
/* End PBXFrameworksBuildPhase section */

/* Begin PBXGroup section */
		5E6F20D31AC242D00051CF4B = {
			isa = PBXGroup;
			children = (
				5E6F20DE1AC242D00051CF4B /* RotatingViews */,
				5E6F20F41AC242D00051CF4B /* RotatingViewsTests */,
				5E6F20DD1AC242D00051CF4B /* Products */,
			);
			sourceTree = "<group>";
		};
		5E6F20DD1AC242D00051CF4B /* Products */ = {
			isa = PBXGroup;
			children = (
				5E6F20DC1AC242D00051CF4B /* RotatingViews.app */,
				5E6F20F11AC242D00051CF4B /* RotatingViewsTests.xctest */,
			);
			name = Products;
			sourceTree = "<group>";
		};
		5E6F20DE1AC242D00051CF4B /* RotatingViews */ = {
			isa = PBXGroup;
			children = (
				5E6F20E11AC242D00051CF4B /* AppDelegate.swift */,
				5E6F20E31AC242D00051CF4B /* ViewController.swift */,
				5E6F20E51AC242D00051CF4B /* Main.storyboard */,
				5E6F20E81AC242D00051CF4B /* Images.xcassets */,
				5E6F20EA1AC242D00051CF4B /* LaunchScreen.xib */,
				5E6F20DF1AC242D00051CF4B /* Supporting Files */,
			);
			path = RotatingViews;
			sourceTree = "<group>";
		};
		5E6F20DF1AC242D00051CF4B /* Supporting Files */ = {
			isa = PBXGroup;
			children = (
				5E6F20E01AC242D00051CF4B /* Info.plist */,
			);
			name = "Supporting Files";
			sourceTree = "<group>";
		};
		5E6F20F41AC242D00051CF4B /* RotatingViewsTests */ = {
			isa = PBXGroup;
			children = (
				5E6F20F71AC242D00051CF4B /* RotatingViewsTests.swift */,
				5E6F20F51AC242D00051CF4B /* Supporting Files */,
			);
			path = RotatingViewsTests;
			sourceTree = "<group>";
		};
		5E6F20F51AC242D00051CF4B /* Supporting Files */ = {
			isa = PBXGroup;
			children = (
				5E6F20F61AC242D00051CF4B /* Info.plist */,
			);
			name = "Supporting Files";
			sourceTree = "<group>";
		};
/* End PBXGroup section */

/* Begin PBXNativeTarget section */
		5E6F20DB1AC242D00051CF4B /* RotatingViews */ = {
			isa = PBXNativeTarget;
			buildConfigurationList = 5E6F20FB1AC242D00051CF4B /* Build configuration list for PBXNativeTarget "RotatingViews" */;
			buildPhases = (
				5E6F20D81AC242D00051CF4B /* Sources */,
				5E6F20D91AC242D00051CF4B /* Frameworks */,
				5E6F20DA1AC242D00051CF4B /* Resources */,
			);
			buildRules = (
			);
			dependencies = (
			);
			name = RotatingViews;
			productName = RotatingViews;
			productReference = 5E6F20DC1AC242D00051CF4B /* RotatingViews.app */;
			productType = "com.apple.product-type.application";
		};
		5E6F20F01AC242D00051CF4B /* RotatingViewsTests */ = {
			isa = PBXNativeTarget;
			buildConfigurationList = 5E6F20FE1AC242D00051CF4B /* Build configuration list for PBXNativeTarget "RotatingViewsTests" */;
			buildPhases = (
				5E6F20ED1AC242D00051CF4B /* Sources */,
				5E6F20EE1AC242D00051CF4B /* Frameworks */,
				5E6F20EF1AC242D00051CF4B /* Resources */,
			);
			buildRules = (
			);
			dependencies = (
				5E6F20F31AC242D00051CF4B /* PBXTargetDependency */,
			);
			name = RotatingViewsTests;
			productName = RotatingViewsTests;
			productReference = 5E6F20F11AC242D00051CF4B /* RotatingViewsTests.xctest */;
			productType = "com.apple.product-type.bundle.unit-test";
		};
/* End PBXNativeTarget section */

/* Begin PBXProject section */
		5E6F20D41AC242D00051CF4B /* Project object */ = {
			isa = PBXProject;
			attributes = {
				LastUpgradeCheck = 0620;
				ORGANIZATIONNAME = "Vallard Benincosa";
				TargetAttributes = {
					5E6F20DB1AC242D00051CF4B = {
						CreatedOnToolsVersion = 6.2;
					};
					5E6F20F01AC242D00051CF4B = {
						CreatedOnToolsVersion = 6.2;
						TestTargetID = 5E6F20DB1AC242D00051CF4B;
					};
				};
			};
			buildConfigurationList = 5E6F20D71AC242D00051CF4B /* Build configuration list for PBXProject "RotatingViews" */;
			compatibilityVersion = "Xcode 3.2";
			developmentRegion = English;
			hasScannedForEncodings = 0;
			knownRegions = (
				en,
				Base,
			);
			mainGroup = 5E6F20D31AC242D00051CF4B;
			productRefGroup = 5E6F20DD1AC242D00051CF4B /* Products */;
			projectDirPath = "";
			projectRoot = "";
			targets = (
				5E6F20DB1AC242D00051CF4B /* RotatingViews */,
				5E6F20F01AC242D00051CF4B /* RotatingViewsTests */,
			);
		};
/* End PBXProject section */

/* Begin PBXResourcesBuildPhase section */
		5E6F20DA1AC242D00051CF4B /* Resources */ = {
			isa = PBXResourcesBuildPhase;
			buildActionMask = 2147483647;
			files = (
				5E6F20E71AC242D00051CF4B /* Main.storyboard in Resources */,
				5E6F20EC1AC242D00051CF4B /* LaunchScreen.xib in Resources */,
				5E6F20E91AC242D00051CF4B /* Images.xcassets in Resources */,
			);
			runOnlyForDeploymentPostprocessing = 0;
		};
		5E6F20EF1AC242D00051CF4B /* Resources */ = {
			isa = PBXResourcesBuildPhase;
			buildActionMask = 2147483647;
			files = (
			);
			runOnlyForDeploymentPostprocessing = 0;
		};
/* End PBXResourcesBuildPhase section */

/* Begin PBXSourcesBuildPhase section */
		5E6F20D81AC242D00051CF4B /* Sources */ = {
			isa = PBXSourcesBuildPhase;
			buildActionMask = 2147483647;
			files = (
				5E6F20E41AC242D00051CF4B /* ViewController.swift in Sources */,
				5E6F20E21AC242D00051CF4B /* AppDelegate.swift in Sources */,
			);
			runOnlyForDeploymentPostprocessing = 0;
		};
		5E6F20ED1AC242D00051CF4B /* Sources */ = {
			isa = PBXSourcesBuildPhase;
			buildActionMask = 2147483647;
			files = (
				5E6F20F81AC242D00051CF4B /* RotatingViewsTests.swift in Sources */,
			);
			runOnlyForDeploymentPostprocessing = 0;
		};
/* End PBXSourcesBuildPhase section */

/* Begin PBXTargetDependency section */
		5E6F20F31AC242D00051CF4B /* PBXTargetDependency */ = {
			isa = PBXTargetDependency;
			target = 5E6F20DB1AC242D00051CF4B /* RotatingViews */;
			targetProxy = 5E6F20F21AC242D00051CF4B /* PBXContainerItemProxy */;
		};
/* End PBXTargetDependency section */

/* Begin PBXVariantGroup section */
		5E6F20E51AC242D00051CF4B /* Main.storyboard */ = {
			isa = PBXVariantGroup;
			children = (
				5E6F20E61AC242D00051CF4B /* Base */,
			);
			name = Main.storyboard;
			sourceTree = "<group>";
		};
		5E6F20EA1AC242D00051CF4B /* LaunchScreen.xib */ = {
			isa = PBXVariantGroup;
			children = (
				5E6F20EB1AC242D00051CF4B /* Base */,
			);
			name = LaunchScreen.xib;
			sourceTree = "<group>";
		};
/* End PBXVariantGroup section */

/* Begin XCBuildConfiguration section */
		5E6F20F91AC242D00051CF4B /* Debug */ = {
			isa = XCBuildConfiguration;
			buildSettings = {
				ALWAYS_SEARCH_USER_PATHS = NO;
				CLANG_CXX_LANGUAGE_STANDARD = "gnu++0x";
				CLANG_CXX_LIBRARY = "libc++";
				CLANG_ENABLE_MODULES = YES;
				CLANG_ENABLE_OBJC_ARC = YES;
				CLANG_WARN_BOOL_CONVERSION = YES;
				CLANG_WARN_CONSTANT_CONVERSION = YES;
				CLANG_WARN_DIRECT_OBJC_ISA_USAGE = YES_ERROR;
				CLANG_WARN_EMPTY_BODY = YES;
				CLANG_WARN_ENUM_CONVERSION = YES;
				CLANG_WARN_INT_CONVERSION = YES;
				CLANG_WARN_OBJC_ROOT_CLASS = YES_ERROR;
				CLANG_WARN_UNREACHABLE_CODE = YES;
				CLANG_WARN__DUPLICATE_METHOD_MATCH = YES;
				"CODE_SIGN_IDENTITY[sdk=iphoneos*]" = "iPhone Developer";
				COPY_PHASE_STRIP = NO;
				ENABLE_STRICT_OBJC_MSGSEND = YES;
				GCC_C_LANGUAGE_STANDARD = gnu99;
				GCC_DYNAMIC_NO_PIC = NO;
				GCC_OPTIMIZATION_LEVEL = 0;
				GCC_PREPROCESSOR_DEFINITIONS = (
					"DEBUG=1",
					"$(inherited)",
				);
				GCC_SYMBOLS_PRIVATE_EXTERN = NO;
				GCC_WARN_64_TO_32_BIT_CONVERSION = YES;
				GCC_WARN_ABOUT_RETURN_TYPE = YES_ERROR;
				GCC_WARN_UNDECLARED_SELECTOR = YES;
				GCC_WARN_UNINITIALIZED_AUTOS = YES_AGGRESSIVE;
				GCC_WARN_UNUSED_FUNCTION = YES;
				GCC_WARN_UNUSED_VARIABLE = YES;
				IPHONEOS_DEPLOYMENT_TARGET = 8.2;
				MTL_ENABLE_DEBUG_INFO = YES;
				ONLY_ACTIVE_ARCH = YES;
				SDKROOT = iphoneos;
				SWIFT_OPTIMIZATION_LEVEL = "-Onone";
				TARGETED_DEVICE_FAMILY = "1,2";
			};
			name = Debug;
		};
		5E6F20FA1AC242D00051CF4B /* Release */ = {
			isa = XCBuildConfiguration;
			buildSettings = {
				ALWAYS_SEARCH_USER_PATHS = NO;
				CLANG_CXX_LANGUAGE_STANDARD = "gnu++0x";
				CLANG_CXX_LIBRARY = "libc++";
				CLANG_ENABLE_MODULES = YES;
				CLANG_ENABLE_OBJC_ARC = YES;
				CLANG_WARN_BOOL_CONVERSION = YES;
				CLANG_WARN_CONSTANT_CONVERSION = YES;
				CLANG_WARN_DIRECT_OBJC_ISA_USAGE = YES_ERROR;
				CLANG_WARN_EMPTY_BODY = YES;
				CLANG_WARN_ENUM_CONVERSION = YES;
				CLANG_WARN_INT_CONVERSION = YES;
				CLANG_WARN_OBJC_ROOT_CLASS = YES_ERROR;
				CLANG_WARN_UNREACHABLE_CODE = YES;
				CLANG_WARN__DUPLICATE_METHOD_MATCH = YES;
				"CODE_SIGN_IDENTITY[sdk=iphoneos*]" = "iPhone Developer";
				COPY_PHASE_STRIP = NO;
				ENABLE_NS_ASSERTIONS = NO;
				ENABLE_STRICT_OBJC_MSGSEND = YES;
				GCC_C_LANGUAGE_STANDARD = gnu99;
				GCC_WARN_64_TO_32_BIT_CONVERSION = YES;
				GCC_WARN_ABOUT_RETURN_TYPE = YES_ERROR;
				GCC_WARN_UNDECLARED_SELECTOR = YES;
				GCC_WARN_UNINITIALIZED_AUTOS = YES_AGGRESSIVE;
				GCC_WARN_UNUSED_FUNCTION = YES;
				GCC_WARN_UNUSED_VARIABLE = YES;
				IPHONEOS_DEPLOYMENT_TARGET = 8.2;
				MTL_ENABLE_DEBUG_INFO = NO;
				SDKROOT = iphoneos;
				TARGETED_DEVICE_FAMILY = "1,2";
				VALIDATE_PRODUCT = YES;
			};
			name = Release;
		};
		5E6F20FC1AC242D00051CF4B /* Debug */ = {
			isa = XCBuildConfiguration;
			buildSettings = {
				ASSETCATALOG_COMPILER_APPICON_NAME = AppIcon;
				INFOPLIST_FILE = RotatingViews/Info.plist;
				LD_RUNPATH_SEARCH_PATHS = "$(inherited) @executable_path/Frameworks";
				PRODUCT_NAME = "$(TARGET_NAME)";
			};
			name = Debug;
		};
		5E6F20FD1AC242D00051CF4B /* Release */ = {
			isa = XCBuildConfiguration;
			buildSettings = {
				ASSETCATALOG_COMPILER_APPICON_NAME = AppIcon;
				INFOPLIST_FILE = RotatingViews/Info.plist;
				LD_RUNPATH_SEARCH_PATHS = "$(inherited) @executable_path/Frameworks";
				PRODUCT_NAME = "$(TARGET_NAME)";
			};
			name = Release;
		};
		5E6F20FF1AC242D00051CF4B /* Debug */ = {
			isa = XCBuildConfiguration;
			buildSettings = {
				BUNDLE_LOADER = "$(TEST_HOST)";
				FRAMEWORK_SEARCH_PATHS = (
					"$(SDKROOT)/Developer/Library/Frameworks",
					"$(inherited)",
				);
				GCC_PREPROCESSOR_DEFINITIONS = (
					"DEBUG=1",
					"$(inherited)",
				);
				INFOPLIST_FILE = RotatingViewsTests/Info.plist;
				LD_RUNPATH_SEARCH_PATHS = "$(inherited) @executable_path/Frameworks @loader_path/Frameworks";
				PRODUCT_NAME = "$(TARGET_NAME)";
				TEST_HOST = "$(BUILT_PRODUCTS_DIR)/RotatingViews.app/RotatingViews";
			};
			name = Debug;
		};
		5E6F21001AC242D00051CF4B /* Release */ = {
			isa = XCBuildConfiguration;
			buildSettings = {
				BUNDLE_LOADER = "$(TEST_HOST)";
				FRAMEWORK_SEARCH_PATHS = (
					"$(SDKROOT)/Developer/Library/Frameworks",
					"$(inherited)",
				);
				INFOPLIST_FILE = RotatingViewsTests/Info.plist;
				LD_RUNPATH_SEARCH_PATHS = "$(inherited) @executable_path/Frameworks @loader_path/Frameworks";
				PRODUCT_NAME = "$(TARGET_NAME)";
				TEST_HOST = "$(BUILT_PRODUCTS_DIR)/RotatingViews.app/RotatingViews";
			};
			name = Release;
		};
/* End XCBuildConfiguration section */

/* Begin XCConfigurationList section */
		5E6F20D71AC242D00051CF4B /* Build configuration list for PBXProject "RotatingViews" */ = {
			isa = XCConfigurationList;
			buildConfigurations = (
				5E6F20F91AC242D00051CF4B /* Debug */,
				5E6F20FA1AC242D00051CF4B /* Release */,
			);
			defaultConfigurationIsVisible = 0;
			defaultConfigurationName = Release;
		};
		5E6F20FB1AC242D00051CF4B /* Build configuration list for PBXNativeTarget "RotatingViews" */ = {
			isa = XCConfigurationList;
			buildConfigurations = (
				5E6F20FC1AC242D00051CF4B /* Debug */,
				5E6F20FD1AC242D00051CF4B /* Release */,
			);
			defaultConfigurationIsVisible = 0;
		};
		5E6F20FE1AC242D00051CF4B /* Build configuration list for PBXNativeTarget "RotatingViewsTests" */ = {
			isa = XCConfigurationList;
			buildConfigurations = (
				5E6F20FF1AC242D00051CF4B /* Debug */,
				5E6F21001AC242D00051CF4B /* Release */,
			);
			defaultConfigurationIsVisible = 0;
		};
/* End XCConfigurationList section */
	};
	rootObject = 5E6F20D41AC242D00051CF4B /* Project object */;
}
